
Microsoft Visual Studio Solution File, Format Version 12.00
# Visual Studio Version 17
VisualStudioVersion = 17.14.36301.6 d17.14
MinimumVisualStudioVersion = 10.0.40219.1
Project("{2150E333-8FDC-42A3-9474-1A3956D46DE8}") = "Aplicacion", "Aplicacion", "{02EA681E-C7D8-13C7-8484-4AC65E1B71E8}"
EndProject
Project("{2150E333-8FDC-42A3-9474-1A3956D46DE8}") = "Dominio", "Dominio", "{5AEFA659-9F0C-4AAB-8E99-E2823715283A}"
EndProject
Project("{2150E333-8FDC-42A3-9474-1A3956D46DE8}") = "Persistencia", "Persistencia", "{C041E154-E40A-4C63-9E57-11AE6C46CE39}"
EndProject
Project("{2150E333-8FDC-42A3-9474-1A3956D46DE8}") = "Presentacion", "Presentacion", "{E9A2E275-B6CE-4971-BA8F-1CDEBA35198C}"
EndProject
Project("{2150E333-8FDC-42A3-9474-1A3956D46DE8}") = "src", "src", "{75D99237-A93B-4A6F-BBDB-F1A29E7DC5A3}"
EndProject
Project("{2150E333-8FDC-42A3-9474-1A3956D46DE8}") = "help", "help", "{5FA8EAAC-E4D8-4CB0-8F8F-4924D1743266}"
EndProject
Project("{FAE04EC0-301F-11D3-BF4B-00C04F79EFBC}") = "Mapeo", "Mapeo\Mapeo.csproj", "{3246A6E5-107A-4094-B1BB-BB4C60CB9CC1}"
EndProject
Project("{FAE04EC0-301F-11D3-BF4B-00C04F79EFBC}") = "Aplicacion", "Aplicacion\Aplicacion.csproj", "{27726E92-DF37-48B3-8266-D162EB978FD0}"
EndProject
Project("{FAE04EC0-301F-11D3-BF4B-00C04F79EFBC}") = "Dominio", "Dominio\Dominio.csproj", "{FE456B16-4AFB-42C9-A251-2EFCCDC0ED7C}"
EndProject
Project("{FAE04EC0-301F-11D3-BF4B-00C04F79EFBC}") = "Persistencia", "Persistencia\Persistencia.csproj", "{1EA63E81-B37C-4276-9E7D-EBC9BD1C9BDF}"
EndProject
Global
	GlobalSection(SolutionConfigurationPlatforms) = preSolution
		Debug|Any CPU = Debug|Any CPU
		Release|Any CPU = Release|Any CPU
	EndGlobalSection
	GlobalSection(ProjectConfigurationPlatforms) = postSolution
		{3246A6E5-107A-4094-B1BB-BB4C60CB9CC1}.Debug|Any CPU.ActiveCfg = Debug|Any CPU
		{3246A6E5-107A-4094-B1BB-BB4C60CB9CC1}.Debug|Any CPU.Build.0 = Debug|Any CPU
		{3246A6E5-107A-4094-B1BB-BB4C60CB9CC1}.Release|Any CPU.ActiveCfg = Release|Any CPU
		{3246A6E5-107A-4094-B1BB-BB4C60CB9CC1}.Release|Any CPU.Build.0 = Release|Any CPU
		{27726E92-DF37-48B3-8266-D162EB978FD0}.Debug|Any CPU.ActiveCfg = Debug|Any CPU
		{27726E92-DF37-48B3-8266-D162EB978FD0}.Debug|Any CPU.Build.0 = Debug|Any CPU
		{27726E92-DF37-48B3-8266-D162EB978FD0}.Release|Any CPU.ActiveCfg = Release|Any CPU
		{27726E92-DF37-48B3-8266-D162EB978FD0}.Release|Any CPU.Build.0 = Release|Any CPU
		{FE456B16-4AFB-42C9-A251-2EFCCDC0ED7C}.Debug|Any CPU.ActiveCfg = Debug|Any CPU
		{FE456B16-4AFB-42C9-A251-2EFCCDC0ED7C}.Debug|Any CPU.Build.0 = Debug|Any CPU
		{FE456B16-4AFB-42C9-A251-2EFCCDC0ED7C}.Release|Any CPU.ActiveCfg = Release|Any CPU
		{FE456B16-4AFB-42C9-A251-2EFCCDC0ED7C}.Release|Any CPU.Build.0 = Release|Any CPU
		{1EA63E81-B37C-4276-9E7D-EBC9BD1C9BDF}.Debug|Any CPU.ActiveCfg = Debug|Any CPU
		{1EA63E81-B37C-4276-9E7D-EBC9BD1C9BDF}.Debug|Any CPU.Build.0 = Debug|Any CPU
		{1EA63E81-B37C-4276-9E7D-EBC9BD1C9BDF}.Release|Any CPU.ActiveCfg = Release|Any CPU
		{1EA63E81-B37C-4276-9E7D-EBC9BD1C9BDF}.Release|Any CPU.Build.0 = Release|Any CPU
	EndGlobalSection
	GlobalSection(SolutionProperties) = preSolution
		HideSolutionNode = FALSE
	EndGlobalSection
	GlobalSection(NestedProjects) = preSolution
		{02EA681E-C7D8-13C7-8484-4AC65E1B71E8} = {75D99237-A93B-4A6F-BBDB-F1A29E7DC5A3}
		{5AEFA659-9F0C-4AAB-8E99-E2823715283A} = {75D99237-A93B-4A6F-BBDB-F1A29E7DC5A3}
		{C041E154-E40A-4C63-9E57-11AE6C46CE39} = {75D99237-A93B-4A6F-BBDB-F1A29E7DC5A3}
		{E9A2E275-B6CE-4971-BA8F-1CDEBA35198C} = {75D99237-A93B-4A6F-BBDB-F1A29E7DC5A3}
		{3246A6E5-107A-4094-B1BB-BB4C60CB9CC1} = {5FA8EAAC-E4D8-4CB0-8F8F-4924D1743266}
		{27726E92-DF37-48B3-8266-D162EB978FD0} = {02EA681E-C7D8-13C7-8484-4AC65E1B71E8}
		{FE456B16-4AFB-42C9-A251-2EFCCDC0ED7C} = {5AEFA659-9F0C-4AAB-8E99-E2823715283A}
		{1EA63E81-B37C-4276-9E7D-EBC9BD1C9BDF} = {C041E154-E40A-4C63-9E57-11AE6C46CE39}
	EndGlobalSection
	GlobalSection(ExtensibilityGlobals) = postSolution
		SolutionGuid = {E817E1A3-1956-4239-B9FD-090CD6959842}
	EndGlobalSection
EndGlobal
